// !$*UTF8*$!
{
	archiveVersion = 1;
	classes = {
	};
	objectVersion = 55;
	objects = {

/* Begin PBXBuildFile section */
		9D2F03EA28CA675000146C44 /* NewsCell.swift in Sources */ = {isa = PBXBuildFile; fileRef = 9D2F03E928CA675000146C44 /* NewsCell.swift */; };
		9D7E930D28CBB7CB003438C7 /* FavoritesTableViewModel.swift in Sources */ = {isa = PBXBuildFile; fileRef = 9D7E930C28CBB7CB003438C7 /* FavoritesTableViewModel.swift */; };
		9D7E931028CBB9B6003438C7 /* NewsTabBarController.swift in Sources */ = {isa = PBXBuildFile; fileRef = 9D7E930F28CBB9B6003438C7 /* NewsTabBarController.swift */; };
		9D7E931228CBBAAA003438C7 /* StringExtension.swift in Sources */ = {isa = PBXBuildFile; fileRef = 9D7E931128CBBAAA003438C7 /* StringExtension.swift */; };
		9D7E931428CBBAC8003438C7 /* DateExtension.swift in Sources */ = {isa = PBXBuildFile; fileRef = 9D7E931328CBBAC8003438C7 /* DateExtension.swift */; };
		9D7E931728CBBB1D003438C7 /* NewsAdditionalInfoView.swift in Sources */ = {isa = PBXBuildFile; fileRef = 9D7E931628CBBB1D003438C7 /* NewsAdditionalInfoView.swift */; };
		9D7E931A28CBBB9D003438C7 /* NewsDetailViewController.swift in Sources */ = {isa = PBXBuildFile; fileRef = 9D7E931928CBBB9D003438C7 /* NewsDetailViewController.swift */; };
		9D7E931C28CBBBD6003438C7 /* NewsDetailViewModel.swift in Sources */ = {isa = PBXBuildFile; fileRef = 9D7E931B28CBBBD6003438C7 /* NewsDetailViewModel.swift */; };
		9D7E931F28CBBC42003438C7 /* FavoriteNewsItemCoreDataClass.swift in Sources */ = {isa = PBXBuildFile; fileRef = 9D7E931E28CBBC42003438C7 /* FavoriteNewsItemCoreDataClass.swift */; };
		9D7E932128CBBC70003438C7 /* FavoriteNewsItemCoreDataProperties.swift in Sources */ = {isa = PBXBuildFile; fileRef = 9D7E932028CBBC70003438C7 /* FavoriteNewsItemCoreDataProperties.swift */; };
		9D7E932328CBBCD7003438C7 /* NewsEmptyStateView.swift in Sources */ = {isa = PBXBuildFile; fileRef = 9D7E932228CBBCD7003438C7 /* NewsEmptyStateView.swift */; };
		9DC88F1F28C7E0BD00CAB4AF /* NewsViewModel.swift in Sources */ = {isa = PBXBuildFile; fileRef = 9DC88F1E28C7E0BD00CAB4AF /* NewsViewModel.swift */; };
		9DC88F2228C7E10300CAB4AF /* NewsModel.swift in Sources */ = {isa = PBXBuildFile; fileRef = 9DC88F2128C7E10200CAB4AF /* NewsModel.swift */; };
		9DC88F2528C7E15500CAB4AF /* FavoritesTableViewController.swift in Sources */ = {isa = PBXBuildFile; fileRef = 9DC88F2428C7E15500CAB4AF /* FavoritesTableViewController.swift */; };
		9DC88F2828C7E1F700CAB4AF /* UIViewControllerExtension.swift in Sources */ = {isa = PBXBuildFile; fileRef = 9DC88F2728C7E1F700CAB4AF /* UIViewControllerExtension.swift */; };
		9DC88F2B28C7E23B00CAB4AF /* Constants.swift in Sources */ = {isa = PBXBuildFile; fileRef = 9DC88F2A28C7E23B00CAB4AF /* Constants.swift */; };
		9DC88F2D28C7E2AD00CAB4AF /* NewsError.swift in Sources */ = {isa = PBXBuildFile; fileRef = 9DC88F2C28C7E2AD00CAB4AF /* NewsError.swift */; };
		9DC88F3028C7E2E300CAB4AF /* NetworkManager.swift in Sources */ = {isa = PBXBuildFile; fileRef = 9DC88F2F28C7E2E300CAB4AF /* NetworkManager.swift */; };
		9DF6025528C7DAC800FF726B /* AppDelegate.swift in Sources */ = {isa = PBXBuildFile; fileRef = 9DF6025428C7DAC800FF726B /* AppDelegate.swift */; };
		9DF6025728C7DAC800FF726B /* SceneDelegate.swift in Sources */ = {isa = PBXBuildFile; fileRef = 9DF6025628C7DAC800FF726B /* SceneDelegate.swift */; };
		9DF6025928C7DAC800FF726B /* NewsTableViewController.swift in Sources */ = {isa = PBXBuildFile; fileRef = 9DF6025828C7DAC800FF726B /* NewsTableViewController.swift */; };
		9DF6025F28C7DAC800FF726B /* NewsApp.xcdatamodeld in Sources */ = {isa = PBXBuildFile; fileRef = 9DF6025D28C7DAC800FF726B /* NewsApp.xcdatamodeld */; };
		9DF6026128C7DAC900FF726B /* Assets.xcassets in Resources */ = {isa = PBXBuildFile; fileRef = 9DF6026028C7DAC900FF726B /* Assets.xcassets */; };
		9DF6026428C7DAC900FF726B /* LaunchScreen.storyboard in Resources */ = {isa = PBXBuildFile; fileRef = 9DF6026228C7DAC900FF726B /* LaunchScreen.storyboard */; };
		F793D718F15066B1CCDE5881 /* Pods_NewsApp.framework in Frameworks */ = {isa = PBXBuildFile; fileRef = 681EC61745AADDE35309C3CC /* Pods_NewsApp.framework */; };
/* End PBXBuildFile section */

/* Begin PBXFileReference section */
		681EC61745AADDE35309C3CC /* Pods_NewsApp.framework */ = {isa = PBXFileReference; explicitFileType = wrapper.framework; includeInIndex = 0; path = Pods_NewsApp.framework; sourceTree = BUILT_PRODUCTS_DIR; };
		9D2F03E928CA675000146C44 /* NewsCell.swift */ = {isa = PBXFileReference; lastKnownFileType = sourcecode.swift; path = NewsCell.swift; sourceTree = "<group>"; };
		9D7E930C28CBB7CB003438C7 /* FavoritesTableViewModel.swift */ = {isa = PBXFileReference; lastKnownFileType = sourcecode.swift; path = FavoritesTableViewModel.swift; sourceTree = "<group>"; };
		9D7E930F28CBB9B6003438C7 /* NewsTabBarController.swift */ = {isa = PBXFileReference; lastKnownFileType = sourcecode.swift; path = NewsTabBarController.swift; sourceTree = "<group>"; };
		9D7E931128CBBAAA003438C7 /* StringExtension.swift */ = {isa = PBXFileReference; lastKnownFileType = sourcecode.swift; path = StringExtension.swift; sourceTree = "<group>"; };
		9D7E931328CBBAC8003438C7 /* DateExtension.swift */ = {isa = PBXFileReference; lastKnownFileType = sourcecode.swift; path = DateExtension.swift; sourceTree = "<group>"; };
		9D7E931628CBBB1D003438C7 /* NewsAdditionalInfoView.swift */ = {isa = PBXFileReference; lastKnownFileType = sourcecode.swift; path = NewsAdditionalInfoView.swift; sourceTree = "<group>"; };
		9D7E931928CBBB9D003438C7 /* NewsDetailViewController.swift */ = {isa = PBXFileReference; lastKnownFileType = sourcecode.swift; path = NewsDetailViewController.swift; sourceTree = "<group>"; };
		9D7E931B28CBBBD6003438C7 /* NewsDetailViewModel.swift */ = {isa = PBXFileReference; lastKnownFileType = sourcecode.swift; path = NewsDetailViewModel.swift; sourceTree = "<group>"; };
		9D7E931E28CBBC42003438C7 /* FavoriteNewsItemCoreDataClass.swift */ = {isa = PBXFileReference; lastKnownFileType = sourcecode.swift; path = FavoriteNewsItemCoreDataClass.swift; sourceTree = "<group>"; };
		9D7E932028CBBC70003438C7 /* FavoriteNewsItemCoreDataProperties.swift */ = {isa = PBXFileReference; lastKnownFileType = sourcecode.swift; path = FavoriteNewsItemCoreDataProperties.swift; sourceTree = "<group>"; };
		9D7E932228CBBCD7003438C7 /* NewsEmptyStateView.swift */ = {isa = PBXFileReference; lastKnownFileType = sourcecode.swift; path = NewsEmptyStateView.swift; sourceTree = "<group>"; };
		9DC88F1E28C7E0BD00CAB4AF /* NewsViewModel.swift */ = {isa = PBXFileReference; lastKnownFileType = sourcecode.swift; path = NewsViewModel.swift; sourceTree = "<group>"; };
		9DC88F2128C7E10200CAB4AF /* NewsModel.swift */ = {isa = PBXFileReference; lastKnownFileType = sourcecode.swift; path = NewsModel.swift; sourceTree = "<group>"; };
		9DC88F2428C7E15500CAB4AF /* FavoritesTableViewController.swift */ = {isa = PBXFileReference; lastKnownFileType = sourcecode.swift; path = FavoritesTableViewController.swift; sourceTree = "<group>"; };
		9DC88F2728C7E1F700CAB4AF /* UIViewControllerExtension.swift */ = {isa = PBXFileReference; lastKnownFileType = sourcecode.swift; path = UIViewControllerExtension.swift; sourceTree = "<group>"; };
		9DC88F2A28C7E23B00CAB4AF /* Constants.swift */ = {isa = PBXFileReference; lastKnownFileType = sourcecode.swift; path = Constants.swift; sourceTree = "<group>"; };
		9DC88F2C28C7E2AD00CAB4AF /* NewsError.swift */ = {isa = PBXFileReference; lastKnownFileType = sourcecode.swift; path = NewsError.swift; sourceTree = "<group>"; };
		9DC88F2F28C7E2E300CAB4AF /* NetworkManager.swift */ = {isa = PBXFileReference; lastKnownFileType = sourcecode.swift; path = NetworkManager.swift; sourceTree = "<group>"; };
		9DE99E7128C7DEEF00717B9A /* NewsApp.app */ = {isa = PBXFileReference; explicitFileType = wrapper.application; includeInIndex = 0; path = NewsApp.app; sourceTree = BUILT_PRODUCTS_DIR; };
		9DF6025428C7DAC800FF726B /* AppDelegate.swift */ = {isa = PBXFileReference; lastKnownFileType = sourcecode.swift; path = AppDelegate.swift; sourceTree = "<group>"; };
		9DF6025628C7DAC800FF726B /* SceneDelegate.swift */ = {isa = PBXFileReference; lastKnownFileType = sourcecode.swift; path = SceneDelegate.swift; sourceTree = "<group>"; };
		9DF6025828C7DAC800FF726B /* NewsTableViewController.swift */ = {isa = PBXFileReference; lastKnownFileType = sourcecode.swift; path = NewsTableViewController.swift; sourceTree = "<group>"; };
		9DF6025E28C7DAC800FF726B /* NewsApp.xcdatamodel */ = {isa = PBXFileReference; lastKnownFileType = wrapper.xcdatamodel; path = NewsApp.xcdatamodel; sourceTree = "<group>"; };
		9DF6026028C7DAC900FF726B /* Assets.xcassets */ = {isa = PBXFileReference; lastKnownFileType = folder.assetcatalog; path = Assets.xcassets; sourceTree = "<group>"; };
		9DF6026328C7DAC900FF726B /* Base */ = {isa = PBXFileReference; lastKnownFileType = file.storyboard; name = Base; path = Base.lproj/LaunchScreen.storyboard; sourceTree = "<group>"; };
		9DF6026528C7DAC900FF726B /* Info.plist */ = {isa = PBXFileReference; lastKnownFileType = text.plist.xml; path = Info.plist; sourceTree = "<group>"; };
		A302015E3A2BBFEDABC43C61 /* Pods-NewsApp.debug.xcconfig */ = {isa = PBXFileReference; includeInIndex = 1; lastKnownFileType = text.xcconfig; name = "Pods-NewsApp.debug.xcconfig"; path = "Target Support Files/Pods-NewsApp/Pods-NewsApp.debug.xcconfig"; sourceTree = "<group>"; };
		BDB70B704A34CD2E5807355A /* Pods-NewsApp.release.xcconfig */ = {isa = PBXFileReference; includeInIndex = 1; lastKnownFileType = text.xcconfig; name = "Pods-NewsApp.release.xcconfig"; path = "Target Support Files/Pods-NewsApp/Pods-NewsApp.release.xcconfig"; sourceTree = "<group>"; };
/* End PBXFileReference section */

/* Begin PBXFrameworksBuildPhase section */
		9DF6024E28C7DAC800FF726B /* Frameworks */ = {
			isa = PBXFrameworksBuildPhase;
			buildActionMask = 2147483647;
			files = (
				F793D718F15066B1CCDE5881 /* Pods_NewsApp.framework in Frameworks */,
			);
			runOnlyForDeploymentPostprocessing = 0;
		};
/* End PBXFrameworksBuildPhase section */

/* Begin PBXGroup section */
		3EBC18C3535A1F30968D8B7B /* Frameworks */ = {
			isa = PBXGroup;
			children = (
				681EC61745AADDE35309C3CC /* Pods_NewsApp.framework */,
			);
			name = Frameworks;
			sourceTree = "<group>";
		};
		9D2F03E728CA671600146C44 /* View */ = {
			isa = PBXGroup;
			children = (
				9D7E931528CBBB07003438C7 /* CustomView */,
				9D7E930E28CBB89C003438C7 /* UITabBarController */,
				9D2F03E828CA671D00146C44 /* TableViewCell */,
			);
			path = View;
			sourceTree = "<group>";
		};
		9D2F03E828CA671D00146C44 /* TableViewCell */ = {
			isa = PBXGroup;
			children = (
				9D2F03E928CA675000146C44 /* NewsCell.swift */,
			);
			path = TableViewCell;
			sourceTree = "<group>";
		};
		9D7E930E28CBB89C003438C7 /* UITabBarController */ = {
			isa = PBXGroup;
			children = (
				9D7E930F28CBB9B6003438C7 /* NewsTabBarController.swift */,
			);
			path = UITabBarController;
			sourceTree = "<group>";
		};
		9D7E931528CBBB07003438C7 /* CustomView */ = {
			isa = PBXGroup;
			children = (
				9D7E931628CBBB1D003438C7 /* NewsAdditionalInfoView.swift */,
				9D7E932228CBBCD7003438C7 /* NewsEmptyStateView.swift */,
			);
			path = CustomView;
			sourceTree = "<group>";
		};
		9D7E931828CBBB74003438C7 /* NewsDetail */ = {
			isa = PBXGroup;
			children = (
				9D7E931928CBBB9D003438C7 /* NewsDetailViewController.swift */,
				9D7E931B28CBBBD6003438C7 /* NewsDetailViewModel.swift */,
			);
			path = NewsDetail;
			sourceTree = "<group>";
		};
		9D7E931D28CBBC1F003438C7 /* NewsAppItem */ = {
			isa = PBXGroup;
			children = (
				9D7E931E28CBBC42003438C7 /* FavoriteNewsItemCoreDataClass.swift */,
				9D7E932028CBBC70003438C7 /* FavoriteNewsItemCoreDataProperties.swift */,
			);
			path = NewsAppItem;
			sourceTree = "<group>";
		};
		9DC88F1B28C7DFD100CAB4AF /* Scenes */ = {
			isa = PBXGroup;
			children = (
				9D7E931828CBBB74003438C7 /* NewsDetail */,
				9DC88F1C28C7DFFB00CAB4AF /* News */,
				9DC88F2328C7E13E00CAB4AF /* Favorites */,
			);
			path = Scenes;
			sourceTree = "<group>";
		};
		9DC88F1C28C7DFFB00CAB4AF /* News */ = {
			isa = PBXGroup;
			children = (
				9DF6025828C7DAC800FF726B /* NewsTableViewController.swift */,
				9DC88F1E28C7E0BD00CAB4AF /* NewsViewModel.swift */,
			);
			path = News;
			sourceTree = "<group>";
		};
		9DC88F2028C7E0F600CAB4AF /* Model */ = {
			isa = PBXGroup;
			children = (
				9DC88F2128C7E10200CAB4AF /* NewsModel.swift */,
			);
			path = Model;
			sourceTree = "<group>";
		};
		9DC88F2328C7E13E00CAB4AF /* Favorites */ = {
			isa = PBXGroup;
			children = (
				9DC88F2428C7E15500CAB4AF /* FavoritesTableViewController.swift */,
				9D7E930C28CBB7CB003438C7 /* FavoritesTableViewModel.swift */,
			);
			path = Favorites;
			sourceTree = "<group>";
		};
		9DC88F2628C7E1B500CAB4AF /* Extension */ = {
			isa = PBXGroup;
			children = (
				9DC88F2728C7E1F700CAB4AF /* UIViewControllerExtension.swift */,
				9D7E931128CBBAAA003438C7 /* StringExtension.swift */,
				9D7E931328CBBAC8003438C7 /* DateExtension.swift */,
			);
			path = Extension;
			sourceTree = "<group>";
		};
		9DC88F2928C7E22600CAB4AF /* Utilities */ = {
			isa = PBXGroup;
			children = (
				9DC88F2A28C7E23B00CAB4AF /* Constants.swift */,
				9DC88F2C28C7E2AD00CAB4AF /* NewsError.swift */,
			);
			path = Utilities;
			sourceTree = "<group>";
		};
		9DC88F2E28C7E2CB00CAB4AF /* Services */ = {
			isa = PBXGroup;
			children = (
				9DC88F2F28C7E2E300CAB4AF /* NetworkManager.swift */,
			);
			path = Services;
			sourceTree = "<group>";
		};
		9DF6024828C7DAC800FF726B = {
			isa = PBXGroup;
			children = (
				9DF6025328C7DAC800FF726B /* NewsApp */,
				9DE99E7128C7DEEF00717B9A /* NewsApp.app */,
				BAA96C9A4118EFE22E4FCF5C /* Pods */,
				3EBC18C3535A1F30968D8B7B /* Frameworks */,
			);
			sourceTree = "<group>";
		};
		9DF6025328C7DAC800FF726B /* NewsApp */ = {
			isa = PBXGroup;
			children = (
				9D7E931D28CBBC1F003438C7 /* NewsAppItem */,
				9D2F03E728CA671600146C44 /* View */,
				9DC88F2E28C7E2CB00CAB4AF /* Services */,
				9DC88F2928C7E22600CAB4AF /* Utilities */,
				9DC88F1B28C7DFD100CAB4AF /* Scenes */,
				9DC88F2028C7E0F600CAB4AF /* Model */,
				9DC88F2628C7E1B500CAB4AF /* Extension */,
				9DF6026B28C7DB0E00FF726B /* Base */,
				9DF6026528C7DAC900FF726B /* Info.plist */,
			);
			path = NewsApp;
			sourceTree = "<group>";
		};
		9DF6026B28C7DB0E00FF726B /* Base */ = {
			isa = PBXGroup;
			children = (
				9DF6025428C7DAC800FF726B /* AppDelegate.swift */,
				9DF6025628C7DAC800FF726B /* SceneDelegate.swift */,
				9DF6026028C7DAC900FF726B /* Assets.xcassets */,
				9DF6026228C7DAC900FF726B /* LaunchScreen.storyboard */,
				9DF6025D28C7DAC800FF726B /* NewsApp.xcdatamodeld */,
			);
			path = Base;
			sourceTree = "<group>";
		};
		BAA96C9A4118EFE22E4FCF5C /* Pods */ = {
			isa = PBXGroup;
			children = (
				A302015E3A2BBFEDABC43C61 /* Pods-NewsApp.debug.xcconfig */,
				BDB70B704A34CD2E5807355A /* Pods-NewsApp.release.xcconfig */,
			);
			path = Pods;
			sourceTree = "<group>";
		};
/* End PBXGroup section */

/* Begin PBXNativeTarget section */
		9DF6025028C7DAC800FF726B /* NewsApp */ = {
			isa = PBXNativeTarget;
			buildConfigurationList = 9DF6026828C7DAC900FF726B /* Build configuration list for PBXNativeTarget "NewsApp" */;
			buildPhases = (
				F6997F6E0E45BDCC91BCF873 /* [CP] Check Pods Manifest.lock */,
				9DF6024D28C7DAC800FF726B /* Sources */,
				9DF6024E28C7DAC800FF726B /* Frameworks */,
				9DF6024F28C7DAC800FF726B /* Resources */,
				BCC321021805DA776FA3DD44 /* [CP] Embed Pods Frameworks */,
			);
			buildRules = (
			);
			dependencies = (
			);
			name = NewsApp;
			productName = NewsApp;
			productReference = 9DE99E7128C7DEEF00717B9A /* NewsApp.app */;
			productType = "com.apple.product-type.application";
		};
/* End PBXNativeTarget section */

/* Begin PBXProject section */
		9DF6024928C7DAC800FF726B /* Project object */ = {
			isa = PBXProject;
			attributes = {
				BuildIndependentTargetsInParallel = 1;
				LastSwiftUpdateCheck = 1340;
				LastUpgradeCheck = 1340;
				TargetAttributes = {
					9DF6025028C7DAC800FF726B = {
						CreatedOnToolsVersion = 13.4.1;
					};
				};
			};
			buildConfigurationList = 9DF6024C28C7DAC800FF726B /* Build configuration list for PBXProject "NewsApp" */;
			compatibilityVersion = "Xcode 13.0";
			developmentRegion = en;
			hasScannedForEncodings = 0;
			knownRegions = (
				en,
				Base,
			);
			mainGroup = 9DF6024828C7DAC800FF726B;
			productRefGroup = 9DF6024828C7DAC800FF726B;
			projectDirPath = "";
			projectRoot = "";
			targets = (
				9DF6025028C7DAC800FF726B /* NewsApp */,
			);
		};
/* End PBXProject section */

/* Begin PBXResourcesBuildPhase section */
		9DF6024F28C7DAC800FF726B /* Resources */ = {
			isa = PBXResourcesBuildPhase;
			buildActionMask = 2147483647;
			files = (
				9DF6026428C7DAC900FF726B /* LaunchScreen.storyboard in Resources */,
				9DF6026128C7DAC900FF726B /* Assets.xcassets in Resources */,
			);
			runOnlyForDeploymentPostprocessing = 0;
		};
/* End PBXResourcesBuildPhase section */

/* Begin PBXShellScriptBuildPhase section */
		BCC321021805DA776FA3DD44 /* [CP] Embed Pods Frameworks */ = {
			isa = PBXShellScriptBuildPhase;
			buildActionMask = 2147483647;
			files = (
			);
			inputFileListPaths = (
				"${PODS_ROOT}/Target Support Files/Pods-NewsApp/Pods-NewsApp-frameworks-${CONFIGURATION}-input-files.xcfilelist",
			);
			name = "[CP] Embed Pods Frameworks";
			outputFileListPaths = (
				"${PODS_ROOT}/Target Support Files/Pods-NewsApp/Pods-NewsApp-frameworks-${CONFIGURATION}-output-files.xcfilelist",
			);
			runOnlyForDeploymentPostprocessing = 0;
			shellPath = /bin/sh;
			shellScript = "\"${PODS_ROOT}/Target Support Files/Pods-NewsApp/Pods-NewsApp-frameworks.sh\"\n";
			showEnvVarsInLog = 0;
		};
		F6997F6E0E45BDCC91BCF873 /* [CP] Check Pods Manifest.lock */ = {
			isa = PBXShellScriptBuildPhase;
			buildActionMask = 2147483647;
			files = (
			);
			inputFileListPaths = (
			);
			inputPaths = (
				"${PODS_PODFILE_DIR_PATH}/Podfile.lock",
				"${PODS_ROOT}/Manifest.lock",
			);
			name = "[CP] Check Pods Manifest.lock";
			outputFileListPaths = (
			);
			outputPaths = (
				"$(DERIVED_FILE_DIR)/Pods-NewsApp-checkManifestLockResult.txt",
			);
			runOnlyForDeploymentPostprocessing = 0;
			shellPath = /bin/sh;
			shellScript = "diff \"${PODS_PODFILE_DIR_PATH}/Podfile.lock\" \"${PODS_ROOT}/Manifest.lock\" > /dev/null\nif [ $? != 0 ] ; then\n    # print error to STDERR\n    echo \"error: The sandbox is not in sync with the Podfile.lock. Run 'pod install' or update your CocoaPods installation.\" >&2\n    exit 1\nfi\n# This output is used by Xcode 'outputs' to avoid re-running this script phase.\necho \"SUCCESS\" > \"${SCRIPT_OUTPUT_FILE_0}\"\n";
			showEnvVarsInLog = 0;
		};
/* End PBXShellScriptBuildPhase section */

/* Begin PBXSourcesBuildPhase section */
		9DF6024D28C7DAC800FF726B /* Sources */ = {
			isa = PBXSourcesBuildPhase;
			buildActionMask = 2147483647;
			files = (
				9DC88F2228C7E10300CAB4AF /* NewsModel.swift in Sources */,
				9D7E932128CBBC70003438C7 /* FavoriteNewsItemCoreDataProperties.swift in Sources */,
				9DF6025928C7DAC800FF726B /* NewsTableViewController.swift in Sources */,
				9DF6025528C7DAC800FF726B /* AppDelegate.swift in Sources */,
				9D7E931428CBBAC8003438C7 /* DateExtension.swift in Sources */,
				9D7E931228CBBAAA003438C7 /* StringExtension.swift in Sources */,
				9DC88F1F28C7E0BD00CAB4AF /* NewsViewModel.swift in Sources */,
				9D7E931A28CBBB9D003438C7 /* NewsDetailViewController.swift in Sources */,
				9DC88F3028C7E2E300CAB4AF /* NetworkManager.swift in Sources */,
				9DF6025F28C7DAC800FF726B /* NewsApp.xcdatamodeld in Sources */,
				9D7E930D28CBB7CB003438C7 /* FavoritesTableViewModel.swift in Sources */,
				9D7E932328CBBCD7003438C7 /* NewsEmptyStateView.swift in Sources */,
				9DC88F2528C7E15500CAB4AF /* FavoritesTableViewController.swift in Sources */,
				9DC88F2828C7E1F700CAB4AF /* UIViewControllerExtension.swift in Sources */,
				9DF6025728C7DAC800FF726B /* SceneDelegate.swift in Sources */,
				9D7E931C28CBBBD6003438C7 /* NewsDetailViewModel.swift in Sources */,
				9DC88F2B28C7E23B00CAB4AF /* Constants.swift in Sources */,
				9D7E931F28CBBC42003438C7 /* FavoriteNewsItemCoreDataClass.swift in Sources */,
				9D2F03EA28CA675000146C44 /* NewsCell.swift in Sources */,
				9D7E931728CBBB1D003438C7 /* NewsAdditionalInfoView.swift in Sources */,
				9D7E931028CBB9B6003438C7 /* NewsTabBarController.swift in Sources */,
				9DC88F2D28C7E2AD00CAB4AF /* NewsError.swift in Sources */,
			);
			runOnlyForDeploymentPostprocessing = 0;
		};
/* End PBXSourcesBuildPhase section */

/* Begin PBXVariantGroup section */
		9DF6026228C7DAC900FF726B /* LaunchScreen.storyboard */ = {
			isa = PBXVariantGroup;
			children = (
				9DF6026328C7DAC900FF726B /* Base */,
			);
			name = LaunchScreen.storyboard;
			sourceTree = "<group>";
		};
/* End PBXVariantGroup section */

/* Begin XCBuildConfiguration section */
		9DF6026628C7DAC900FF726B /* Debug */ = {
			isa = XCBuildConfiguration;
			buildSettings = {
				ALWAYS_SEARCH_USER_PATHS = NO;
				CLANG_ANALYZER_NONNULL = YES;
				CLANG_ANALYZER_NUMBER_OBJECT_CONVERSION = YES_AGGRESSIVE;
				CLANG_CXX_LANGUAGE_STANDARD = "gnu++17";
				CLANG_ENABLE_MODULES = YES;
				CLANG_ENABLE_OBJC_ARC = YES;
				CLANG_ENABLE_OBJC_WEAK = YES;
				CLANG_WARN_BLOCK_CAPTURE_AUTORELEASING = YES;
				CLANG_WARN_BOOL_CONVERSION = YES;
				CLANG_WARN_COMMA = YES;
				CLANG_WARN_CONSTANT_CONVERSION = YES;
				CLANG_WARN_DEPRECATED_OBJC_IMPLEMENTATIONS = YES;
				CLANG_WARN_DIRECT_OBJC_ISA_USAGE = YES_ERROR;
				CLANG_WARN_DOCUMENTATION_COMMENTS = YES;
				CLANG_WARN_EMPTY_BODY = YES;
				CLANG_WARN_ENUM_CONVERSION = YES;
				CLANG_WARN_INFINITE_RECURSION = YES;
				CLANG_WARN_INT_CONVERSION = YES;
				CLANG_WARN_NON_LITERAL_NULL_CONVERSION = YES;
				CLANG_WARN_OBJC_IMPLICIT_RETAIN_SELF = YES;
				CLANG_WARN_OBJC_LITERAL_CONVERSION = YES;
				CLANG_WARN_OBJC_ROOT_CLASS = YES_ERROR;
				CLANG_WARN_QUOTED_INCLUDE_IN_FRAMEWORK_HEADER = YES;
				CLANG_WARN_RANGE_LOOP_ANALYSIS = YES;
				CLANG_WARN_STRICT_PROTOTYPES = YES;
				CLANG_WARN_SUSPICIOUS_MOVE = YES;
				CLANG_WARN_UNGUARDED_AVAILABILITY = YES_AGGRESSIVE;
				CLANG_WARN_UNREACHABLE_CODE = YES;
				CLANG_WARN__DUPLICATE_METHOD_MATCH = YES;
				COPY_PHASE_STRIP = NO;
				DEBUG_INFORMATION_FORMAT = dwarf;
				ENABLE_STRICT_OBJC_MSGSEND = YES;
				ENABLE_TESTABILITY = YES;
				GCC_C_LANGUAGE_STANDARD = gnu11;
				GCC_DYNAMIC_NO_PIC = NO;
				GCC_NO_COMMON_BLOCKS = YES;
				GCC_OPTIMIZATION_LEVEL = 0;
				GCC_PREPROCESSOR_DEFINITIONS = (
					"DEBUG=1",
					"$(inherited)",
				);
				GCC_WARN_64_TO_32_BIT_CONVERSION = YES;
				GCC_WARN_ABOUT_RETURN_TYPE = YES_ERROR;
				GCC_WARN_UNDECLARED_SELECTOR = YES;
				GCC_WARN_UNINITIALIZED_AUTOS = YES_AGGRESSIVE;
				GCC_WARN_UNUSED_FUNCTION = YES;
				GCC_WARN_UNUSED_VARIABLE = YES;
				IPHONEOS_DEPLOYMENT_TARGET = 15.5;
				MTL_ENABLE_DEBUG_INFO = INCLUDE_SOURCE;
				MTL_FAST_MATH = YES;
				ONLY_ACTIVE_ARCH = YES;
				SDKROOT = iphoneos;
				SWIFT_ACTIVE_COMPILATION_CONDITIONS = DEBUG;
				SWIFT_OPTIMIZATION_LEVEL = "-Onone";
			};
			name = Debug;
		};
		9DF6026728C7DAC900FF726B /* Release */ = {
			isa = XCBuildConfiguration;
			buildSettings = {
				ALWAYS_SEARCH_USER_PATHS = NO;
				CLANG_ANALYZER_NONNULL = YES;
				CLANG_ANALYZER_NUMBER_OBJECT_CONVERSION = YES_AGGRESSIVE;
				CLANG_CXX_LANGUAGE_STANDARD = "gnu++17";
				CLANG_ENABLE_MODULES = YES;
				CLANG_ENABLE_OBJC_ARC = YES;
				CLANG_ENABLE_OBJC_WEAK = YES;
				CLANG_WARN_BLOCK_CAPTURE_AUTORELEASING = YES;
				CLANG_WARN_BOOL_CONVERSION = YES;
				CLANG_WARN_COMMA = YES;
				CLANG_WARN_CONSTANT_CONVERSION = YES;
				CLANG_WARN_DEPRECATED_OBJC_IMPLEMENTATIONS = YES;
				CLANG_WARN_DIRECT_OBJC_ISA_USAGE = YES_ERROR;
				CLANG_WARN_DOCUMENTATION_COMMENTS = YES;
				CLANG_WARN_EMPTY_BODY = YES;
				CLANG_WARN_ENUM_CONVERSION = YES;
				CLANG_WARN_INFINITE_RECURSION = YES;
				CLANG_WARN_INT_CONVERSION = YES;
				CLANG_WARN_NON_LITERAL_NULL_CONVERSION = YES;
				CLANG_WARN_OBJC_IMPLICIT_RETAIN_SELF = YES;
				CLANG_WARN_OBJC_LITERAL_CONVERSION = YES;
				CLANG_WARN_OBJC_ROOT_CLASS = YES_ERROR;
				CLANG_WARN_QUOTED_INCLUDE_IN_FRAMEWORK_HEADER = YES;
				CLANG_WARN_RANGE_LOOP_ANALYSIS = YES;
				CLANG_WARN_STRICT_PROTOTYPES = YES;
				CLANG_WARN_SUSPICIOUS_MOVE = YES;
				CLANG_WARN_UNGUARDED_AVAILABILITY = YES_AGGRESSIVE;
				CLANG_WARN_UNREACHABLE_CODE = YES;
				CLANG_WARN__DUPLICATE_METHOD_MATCH = YES;
				COPY_PHASE_STRIP = NO;
				DEBUG_INFORMATION_FORMAT = "dwarf-with-dsym";
				ENABLE_NS_ASSERTIONS = NO;
				ENABLE_STRICT_OBJC_MSGSEND = YES;
				GCC_C_LANGUAGE_STANDARD = gnu11;
				GCC_NO_COMMON_BLOCKS = YES;
				GCC_WARN_64_TO_32_BIT_CONVERSION = YES;
				GCC_WARN_ABOUT_RETURN_TYPE = YES_ERROR;
				GCC_WARN_UNDECLARED_SELECTOR = YES;
				GCC_WARN_UNINITIALIZED_AUTOS = YES_AGGRESSIVE;
				GCC_WARN_UNUSED_FUNCTION = YES;
				GCC_WARN_UNUSED_VARIABLE = YES;
				IPHONEOS_DEPLOYMENT_TARGET = 15.5;
				MTL_ENABLE_DEBUG_INFO = NO;
				MTL_FAST_MATH = YES;
				SDKROOT = iphoneos;
				SWIFT_COMPILATION_MODE = wholemodule;
				SWIFT_OPTIMIZATION_LEVEL = "-O";
				VALIDATE_PRODUCT = YES;
			};
			name = Release;
		};
		9DF6026928C7DAC900FF726B /* Debug */ = {
			isa = XCBuildConfiguration;
			baseConfigurationReference = A302015E3A2BBFEDABC43C61 /* Pods-NewsApp.debug.xcconfig */;
			buildSettings = {
				ASSETCATALOG_COMPILER_APPICON_NAME = AppIcon;
				ASSETCATALOG_COMPILER_GLOBAL_ACCENT_COLOR_NAME = AccentColor;
				CODE_SIGN_STYLE = Automatic;
				CURRENT_PROJECT_VERSION = 1;
				DEVELOPMENT_TEAM = 368D6M9S9N;
				EXCLUDED_ARCHS = "arm64 armv7";
				GENERATE_INFOPLIST_FILE = YES;
				INFOPLIST_FILE = NewsApp/Info.plist;
				INFOPLIST_KEY_UIApplicationSupportsIndirectInputEvents = YES;
				INFOPLIST_KEY_UILaunchStoryboardName = LaunchScreen;
				INFOPLIST_KEY_UIMainStoryboardFile = LaunchScreen;
				INFOPLIST_KEY_UIRequiredDeviceCapabilities = armv7;
				INFOPLIST_KEY_UISupportedInterfaceOrientations = "UIInterfaceOrientationPortrait UIInterfaceOrientationLandscapeLeft UIInterfaceOrientationLandscapeRight";
				INFOPLIST_KEY_UISupportedInterfaceOrientations_iPad = "UIInterfaceOrientationPortrait UIInterfaceOrientationPortrait UIInterfaceOrientationLandscapeLeft UIInterfaceOrientationLandscapeRight";
				INFOPLIST_KEY_UISupportedInterfaceOrientations_iPhone = "UIInterfaceOrientationPortrait UIInterfaceOrientationLandscapeLeft UIInterfaceOrientationLandscapeRight";
				LD_RUNPATH_SEARCH_PATHS = (
					"$(inherited)",
					"@executable_path/Frameworks",
				);
				MARKETING_VERSION = 1.0;
				PRODUCT_BUNDLE_IDENTIFIER = mertgaygusuz.NewsApp;
				PRODUCT_NAME = "$(TARGET_NAME)";
				SWIFT_EMIT_LOC_STRINGS = YES;
				SWIFT_VERSION = 5.0;
				TARGETED_DEVICE_FAMILY = "1,2";
			};
			name = Debug;
		};
		9DF6026A28C7DAC900FF726B /* Release */ = {
			isa = XCBuildConfiguration;
			baseConfigurationReference = BDB70B704A34CD2E5807355A /* Pods-NewsApp.release.xcconfig */;
			buildSettings = {
				ASSETCATALOG_COMPILER_APPICON_NAME = AppIcon;
				ASSETCATALOG_COMPILER_GLOBAL_ACCENT_COLOR_NAME = AccentColor;
				CODE_SIGN_STYLE = Automatic;
				CURRENT_PROJECT_VERSION = 1;
				DEVELOPMENT_TEAM = 368D6M9S9N;
				EXCLUDED_ARCHS = "arm64 armv7";
				GENERATE_INFOPLIST_FILE = YES;
				INFOPLIST_FILE = NewsApp/Info.plist;
				INFOPLIST_KEY_UIApplicationSupportsIndirectInputEvents = YES;
				INFOPLIST_KEY_UILaunchStoryboardName = LaunchScreen;
				INFOPLIST_KEY_UIMainStoryboardFile = LaunchScreen;
				INFOPLIST_KEY_UIRequiredDeviceCapabilities = armv7;
				INFOPLIST_KEY_UISupportedInterfaceOrientations = "UIInterfaceOrientationPortrait UIInterfaceOrientationLandscapeLeft UIInterfaceOrientationLandscapeRight";
				INFOPLIST_KEY_UISupportedInterfaceOrientations_iPad = "UIInterfaceOrientationPortrait UIInterfaceOrientationPortrait UIInterfaceOrientationLandscapeLeft UIInterfaceOrientationLandscapeRight";
				INFOPLIST_KEY_UISupportedInterfaceOrientations_iPhone = "UIInterfaceOrientationPortrait UIInterfaceOrientationLandscapeLeft UIInterfaceOrientationLandscapeRight";
				LD_RUNPATH_SEARCH_PATHS = (
					"$(inherited)",
					"@executable_path/Frameworks",
				);
				MARKETING_VERSION = 1.0;
				PRODUCT_BUNDLE_IDENTIFIER = mertgaygusuz.NewsApp;
				PRODUCT_NAME = "$(TARGET_NAME)";
				SWIFT_EMIT_LOC_STRINGS = YES;
				SWIFT_VERSION = 5.0;
				TARGETED_DEVICE_FAMILY = "1,2";
			};
			name = Release;
		};
/* End XCBuildConfiguration section */

/* Begin XCConfigurationList section */
		9DF6024C28C7DAC800FF726B /* Build configuration list for PBXProject "NewsApp" */ = {
			isa = XCConfigurationList;
			buildConfigurations = (
				9DF6026628C7DAC900FF726B /* Debug */,
				9DF6026728C7DAC900FF726B /* Release */,
			);
			defaultConfigurationIsVisible = 0;
			defaultConfigurationName = Release;
		};
		9DF6026828C7DAC900FF726B /* Build configuration list for PBXNativeTarget "NewsApp" */ = {
			isa = XCConfigurationList;
			buildConfigurations = (
				9DF6026928C7DAC900FF726B /* Debug */,
				9DF6026A28C7DAC900FF726B /* Release */,
			);
			defaultConfigurationIsVisible = 0;
			defaultConfigurationName = Release;
		};
/* End XCConfigurationList section */

/* Begin XCVersionGroup section */
		9DF6025D28C7DAC800FF726B /* NewsApp.xcdatamodeld */ = {
			isa = XCVersionGroup;
			children = (
				9DF6025E28C7DAC800FF726B /* NewsApp.xcdatamodel */,
			);
			currentVersion = 9DF6025E28C7DAC800FF726B /* NewsApp.xcdatamodel */;
			path = NewsApp.xcdatamodeld;
			sourceTree = "<group>";
			versionGroupType = wrapper.xcdatamodel;
		};
/* End XCVersionGroup section */
	};
	rootObject = 9DF6024928C7DAC800FF726B /* Project object */;
}
